// !$*UTF8*$!
{
	archiveVersion = 1;
	classes = {
	};
	objectVersion = 46;
	objects = {

/* Begin PBXBuildFile section */
		266172CC1D2E6E32005162DD /* main.swift in Sources */ = {isa = PBXBuildFile; fileRef = 266172CB1D2E6E32005162DD /* main.swift */; };
		266172D31D2E6E56005162DD /* Basics.swift in Sources */ = {isa = PBXBuildFile; fileRef = 266172D21D2E6E56005162DD /* Basics.swift */; };
		266C08851D30BD64002B364B /* StringRef.swift in Sources */ = {isa = PBXBuildFile; fileRef = 266C08841D30BD64002B364B /* StringRef.swift */; };
		266C08871D30DC56002B364B /* CollectionType.swift in Sources */ = {isa = PBXBuildFile; fileRef = 266C08861D30DC56002B364B /* CollectionType.swift */; };
		266C088B1D310B65002B364B /* ControlFlow.swift in Sources */ = {isa = PBXBuildFile; fileRef = 266C088A1D310B65002B364B /* ControlFlow.swift */; };
		266C088D1D314DFA002B364B /* Function.swift in Sources */ = {isa = PBXBuildFile; fileRef = 266C088C1D314DFA002B364B /* Function.swift */; };
		266C088F1D322057002B364B /* Closuer.swift in Sources */ = {isa = PBXBuildFile; fileRef = 266C088E1D322057002B364B /* Closuer.swift */; };
/* End PBXBuildFile section */

/* Begin PBXCopyFilesBuildPhase section */
		266172C61D2E6E32005162DD /* CopyFiles */ = {
			isa = PBXCopyFilesBuildPhase;
			buildActionMask = 2147483647;
			dstPath = /usr/share/man/man1/;
			dstSubfolderSpec = 0;
			files = (
			);
			runOnlyForDeploymentPostprocessing = 1;
		};
/* End PBXCopyFilesBuildPhase section */

/* Begin PBXFileReference section */
		266172C81D2E6E32005162DD /* SwiftPractice */ = {isa = PBXFileReference; explicitFileType = "compiled.mach-o.executable"; includeInIndex = 0; path = SwiftPractice; sourceTree = BUILT_PRODUCTS_DIR; };
		266172CB1D2E6E32005162DD /* main.swift */ = {isa = PBXFileReference; lastKnownFileType = sourcecode.swift; path = main.swift; sourceTree = "<group>"; };
		266172D21D2E6E56005162DD /* Basics.swift */ = {isa = PBXFileReference; fileEncoding = 4; lastKnownFileType = sourcecode.swift; path = Basics.swift; sourceTree = "<group>"; };
		266C08841D30BD64002B364B /* StringRef.swift */ = {isa = PBXFileReference; fileEncoding = 4; lastKnownFileType = sourcecode.swift; path = StringRef.swift; sourceTree = "<group>"; };
		266C08861D30DC56002B364B /* CollectionType.swift */ = {isa = PBXFileReference; fileEncoding = 4; lastKnownFileType = sourcecode.swift; path = CollectionType.swift; sourceTree = "<group>"; };
		266C088A1D310B65002B364B /* ControlFlow.swift */ = {isa = PBXFileReference; fileEncoding = 4; lastKnownFileType = sourcecode.swift; path = ControlFlow.swift; sourceTree = "<group>"; };
		266C088C1D314DFA002B364B /* Function.swift */ = {isa = PBXFileReference; fileEncoding = 4; lastKnownFileType = sourcecode.swift; path = Function.swift; sourceTree = "<group>"; };
		266C088E1D322057002B364B /* Closuer.swift */ = {isa = PBXFileReference; fileEncoding = 4; lastKnownFileType = sourcecode.swift; path = Closuer.swift; sourceTree = "<group>"; };
/* End PBXFileReference section */

/* Begin PBXFrameworksBuildPhase section */
		266172C51D2E6E32005162DD /* Frameworks */ = {
			isa = PBXFrameworksBuildPhase;
			buildActionMask = 2147483647;
			files = (
			);
			runOnlyForDeploymentPostprocessing = 0;
		};
/* End PBXFrameworksBuildPhase section */

/* Begin PBXGroup section */
		266172BF1D2E6E32005162DD = {
			isa = PBXGroup;
			children = (
				266172CA1D2E6E32005162DD /* SwiftPractice */,
				266172C91D2E6E32005162DD /* Products */,
			);
			sourceTree = "<group>";
		};
		266172C91D2E6E32005162DD /* Products */ = {
			isa = PBXGroup;
			children = (
				266172C81D2E6E32005162DD /* SwiftPractice */,
			);
			name = Products;
			sourceTree = "<group>";
		};
		266172CA1D2E6E32005162DD /* SwiftPractice */ = {
			isa = PBXGroup;
			children = (
				266172CB1D2E6E32005162DD /* main.swift */,
				266172D21D2E6E56005162DD /* Basics.swift */,
				266C08841D30BD64002B364B /* StringRef.swift */,
				266C08861D30DC56002B364B /* CollectionType.swift */,
				266C088A1D310B65002B364B /* ControlFlow.swift */,
				266C088C1D314DFA002B364B /* Function.swift */,
				266C088E1D322057002B364B /* Closuer.swift */,
			);
			path = SwiftPractice;
			sourceTree = "<group>";
		};
/* End PBXGroup section */

/* Begin PBXNativeTarget section */
		266172C71D2E6E32005162DD /* SwiftPractice */ = {
			isa = PBXNativeTarget;
			buildConfigurationList = 266172CF1D2E6E32005162DD /* Build configuration list for PBXNativeTarget "SwiftPractice" */;
			buildPhases = (
				266172C41D2E6E32005162DD /* Sources */,
				266172C51D2E6E32005162DD /* Frameworks */,
				266172C61D2E6E32005162DD /* CopyFiles */,
			);
			buildRules = (
			);
			dependencies = (
			);
			name = SwiftPractice;
			productName = SwiftPractice;
			productReference = 266172C81D2E6E32005162DD /* SwiftPractice */;
			productType = "com.apple.product-type.tool";
		};
/* End PBXNativeTarget section */

/* Begin PBXProject section */
		266172C01D2E6E32005162DD /* Project object */ = {
			isa = PBXProject;
			attributes = {
				LastSwiftUpdateCheck = 0730;
				LastUpgradeCheck = 0730;
				ORGANIZATIONNAME = vikramkb;
				TargetAttributes = {
					266172C71D2E6E32005162DD = {
						CreatedOnToolsVersion = 7.3.1;
					};
				};
			};
			buildConfigurationList = 266172C31D2E6E32005162DD /* Build configuration list for PBXProject "SwiftPractice" */;
			compatibilityVersion = "Xcode 3.2";
			developmentRegion = English;
			hasScannedForEncodings = 0;
			knownRegions = (
				en,
			);
			mainGroup = 266172BF1D2E6E32005162DD;
			productRefGroup = 266172C91D2E6E32005162DD /* Products */;
			projectDirPath = "";
			projectRoot = "";
			targets = (
				266172C71D2E6E32005162DD /* SwiftPractice */,
			);
		};
/* End PBXProject section */

/* Begin PBXSourcesBuildPhase section */
		266172C41D2E6E32005162DD /* Sources */ = {
			isa = PBXSourcesBuildPhase;
			buildActionMask = 2147483647;
			files = (
				266172CC1D2E6E32005162DD /* main.swift in Sources */,
				266C088B1D310B65002B364B /* ControlFlow.swift in Sources */,
				266C08871D30DC56002B364B /* CollectionType.swift in Sources */,
				266C088D1D314DFA002B364B /* Function.swift in Sources */,
				266172D31D2E6E56005162DD /* Basics.swift in Sources */,
				266C08851D30BD64002B364B /* StringRef.swift in Sources */,
				266C088F1D322057002B364B /* Closuer.swift in Sources */,
			);
			runOnlyForDeploymentPostprocessing = 0;
		};
/* End PBXSourcesBuildPhase section */

/* Begin XCBuildConfiguration section */
		266172CD1D2E6E32005162DD /* Debug */ = {
			isa = XCBuildConfiguration;
			buildSettings = {
				ALWAYS_SEARCH_USER_PATHS = NO;
				CLANG_ANALYZER_NONNULL = YES;
				CLANG_CXX_LANGUAGE_STANDARD = "gnu++0x";
				CLANG_CXX_LIBRARY = "libc++";
				CLANG_ENABLE_MODULES = YES;
				CLANG_ENABLE_OBJC_ARC = YES;
				CLANG_WARN_BOOL_CONVERSION = YES;
				CLANG_WARN_CONSTANT_CONVERSION = YES;
				CLANG_WARN_DIRECT_OBJC_ISA_USAGE = YES_ERROR;
				CLANG_WARN_EMPTY_BODY = YES;
				CLANG_WARN_ENUM_CONVERSION = YES;
				CLANG_WARN_INT_CONVERSION = YES;
				CLANG_WARN_OBJC_ROOT_CLASS = YES_ERROR;
				CLANG_WARN_UNREACHABLE_CODE = YES;
				CLANG_WARN__DUPLICATE_METHOD_MATCH = YES;
				CODE_SIGN_IDENTITY = "-";
				COPY_PHASE_STRIP = NO;
				DEBUG_INFORMATION_FORMAT = dwarf;
				ENABLE_STRICT_OBJC_MSGSEND = YES;
				ENABLE_TESTABILITY = YES;
				GCC_C_LANGUAGE_STANDARD = gnu99;
				GCC_DYNAMIC_NO_PIC = NO;
				GCC_NO_COMMON_BLOCKS = YES;
				GCC_OPTIMIZATION_LEVEL = 0;
				GCC_PREPROCESSOR_DEFINITIONS = (
					"DEBUG=1",
					"$(inherited)",
				);
				GCC_WARN_64_TO_32_BIT_CONVERSION = YES;
				GCC_WARN_ABOUT_RETURN_TYPE = YES_ERROR;
				GCC_WARN_UNDECLARED_SELECTOR = YES;
				GCC_WARN_UNINITIALIZED_AUTOS = YES_AGGRESSIVE;
				GCC_WARN_UNUSED_FUNCTION = YES;
				GCC_WARN_UNUSED_VARIABLE = YES;
				MACOSX_DEPLOYMENT_TARGET = 10.11;
				MTL_ENABLE_DEBUG_INFO = YES;
				ONLY_ACTIVE_ARCH = YES;
				SDKROOT = macosx;
				SWIFT_OPTIMIZATION_LEVEL = "-Onone";
			};
			name = Debug;
		};
		266172CE1D2E6E32005162DD /* Release */ = {
			isa = XCBuildConfiguration;
			buildSettings = {
				ALWAYS_SEARCH_USER_PATHS = NO;
				CLANG_ANALYZER_NONNULL = YES;
				CLANG_CXX_LANGUAGE_STANDARD = "gnu++0x";
				CLANG_CXX_LIBRARY = "libc++";
				CLANG_ENABLE_MODULES = YES;
				CLANG_ENABLE_OBJC_ARC = YES;
				CLANG_WARN_BOOL_CONVERSION = YES;
				CLANG_WARN_CONSTANT_CONVERSION = YES;
				CLANG_WARN_DIRECT_OBJC_ISA_USAGE = YES_ERROR;
				CLANG_WARN_EMPTY_BODY = YES;
				CLANG_WARN_ENUM_CONVERSION = YES;
				CLANG_WARN_INT_CONVERSION = YES;
				CLANG_WARN_OBJC_ROOT_CLASS = YES_ERROR;
				CLANG_WARN_UNREACHABLE_CODE = YES;
				CLANG_WARN__DUPLICATE_METHOD_MATCH = YES;
				CODE_SIGN_IDENTITY = "-";
				COPY_PHASE_STRIP = NO;
				DEBUG_INFORMATION_FORMAT = "dwarf-with-dsym";
				ENABLE_NS_ASSERTIONS = NO;
				ENABLE_STRICT_OBJC_MSGSEND = YES;
				GCC_C_LANGUAGE_STANDARD = gnu99;
				GCC_NO_COMMON_BLOCKS = YES;
				GCC_WARN_64_TO_32_BIT_CONVERSION = YES;
				GCC_WARN_ABOUT_RETURN_TYPE = YES_ERROR;
				GCC_WARN_UNDECLARED_SELECTOR = YES;
				GCC_WARN_UNINITIALIZED_AUTOS = YES_AGGRESSIVE;
				GCC_WARN_UNUSED_FUNCTION = YES;
				GCC_WARN_UNUSED_VARIABLE = YES;
				MACOSX_DEPLOYMENT_TARGET = 10.11;
				MTL_ENABLE_DEBUG_INFO = NO;
				SDKROOT = macosx;
			};
			name = Release;
		};
		266172D01D2E6E32005162DD /* Debug */ = {
			isa = XCBuildConfiguration;
			buildSettings = {
				PRODUCT_NAME = "$(TARGET_NAME)";
			};
			name = Debug;
		};
		266172D11D2E6E32005162DD /* Release */ = {
			isa = XCBuildConfiguration;
			buildSettings = {
				PRODUCT_NAME = "$(TARGET_NAME)";
			};
			name = Release;
		};
/* End XCBuildConfiguration section */

/* Begin XCConfigurationList section */
		266172C31D2E6E32005162DD /* Build configuration list for PBXProject "SwiftPractice" */ = {
			isa = XCConfigurationList;
			buildConfigurations = (
				266172CD1D2E6E32005162DD /* Debug */,
				266172CE1D2E6E32005162DD /* Release */,
			);
			defaultConfigurationIsVisible = 0;
			defaultConfigurationName = Release;
		};
		266172CF1D2E6E32005162DD /* Build configuration list for PBXNativeTarget "SwiftPractice" */ = {
			isa = XCConfigurationList;
			buildConfigurations = (
				266172D01D2E6E32005162DD /* Debug */,
				266172D11D2E6E32005162DD /* Release */,
			);
			defaultConfigurationIsVisible = 0;
			defaultConfigurationName = Release;
		};
/* End XCConfigurationList section */
	};
	rootObject = 266172C01D2E6E32005162DD /* Project object */;
}
